
Microsoft Visual Studio Solution File, Format Version 12.00
# Visual Studio 15
VisualStudioVersion = 15.0.28307.489
MinimumVisualStudioVersion = 10.0.40219.1
Project("{FAE04EC0-301F-11D3-BF4B-00C04F79EFBC}") = "SimpleForm", "SimpleForm\SimpleForm.csproj", "{B123160A-F6F8-4818-A47D-654E1ECA6EDD}"
EndProject
Global
	GlobalSection(SolutionConfigurationPlatforms) = preSolution
		Debug|Any CPU = Debug|Any CPU
		Release|Any CPU = Release|Any CPU
	EndGlobalSection
	GlobalSection(ProjectConfigurationPlatforms) = postSolution
		{B123160A-F6F8-4818-A47D-654E1ECA6EDD}.Debug|Any CPU.ActiveCfg = Debug|Any CPU
		{B123160A-F6F8-4818-A47D-654E1ECA6EDD}.Debug|Any CPU.Build.0 = Debug|Any CPU
		{B123160A-F6F8-4818-A47D-654E1ECA6EDD}.Release|Any CPU.ActiveCfg = Release|Any CPU
		{B123160A-F6F8-4818-A47D-654E1ECA6EDD}.Release|Any CPU.Build.0 = Release|Any CPU
	EndGlobalSection
	GlobalSection(SolutionProperties) = preSolution
		HideSolutionNode = FALSE
	EndGlobalSection
	GlobalSection(ExtensibilityGlobals) = postSolution
		SolutionGuid = {AF922835-EFB3-47BB-81A6-2C5A9793B35C}
	EndGlobalSection
EndGlobal
